
Microsoft Visual Studio Solution File, Format Version 12.00
# Visual Studio Version 16
VisualStudioVersion = 16.0.30225.117
MinimumVisualStudioVersion = 10.0.40219.1
Project("{FAE04EC0-301F-11D3-BF4B-00C04F79EFBC}") = "SendCash", "SendCash\SendCash.csproj", "{DA8AAAED-7519-454E-8412-FEDFB3ECFFC8}"
EndProject
Global
	GlobalSection(SolutionConfigurationPlatforms) = preSolution
		Debug|Any CPU = Debug|Any CPU
		Release|Any CPU = Release|Any CPU
	EndGlobalSection
	GlobalSection(ProjectConfigurationPlatforms) = postSolution
		{DA8AAAED-7519-454E-8412-FEDFB3ECFFC8}.Debug|Any CPU.ActiveCfg = Debug|Any CPU
		{DA8AAAED-7519-454E-8412-FEDFB3ECFFC8}.Debug|Any CPU.Build.0 = Debug|Any CPU
		{DA8AAAED-7519-454E-8412-FEDFB3ECFFC8}.Release|Any CPU.ActiveCfg = Release|Any CPU
		{DA8AAAED-7519-454E-8412-FEDFB3ECFFC8}.Release|Any CPU.Build.0 = Release|Any CPU
	EndGlobalSection
	GlobalSection(SolutionProperties) = preSolution
		HideSolutionNode = FALSE
	EndGlobalSection
	GlobalSection(ExtensibilityGlobals) = postSolution
		SolutionGuid = {64868D32-3F21-43B7-84B0-6E8C51945CA6}
	EndGlobalSection
EndGlobal
